
Microsoft Visual Studio Solution File, Format Version 12.00
# Visual Studio 15
VisualStudioVersion = 15.0.27004.2010
MinimumVisualStudioVersion = 15.0.26124.0
Project("{9A19103F-16F7-4668-BE54-9A1E7A4F7556}") = "PSDocs", "src\PSDocs\PSDocs.csproj", "{8BD3D495-74E7-4B34-9E69-D00A1AE53008}"
EndProject
Global
	GlobalSection(SolutionConfigurationPlatforms) = preSolution
		Debug|Any CPU = Debug|Any CPU
		Debug|x64 = Debug|x64
		Debug|x86 = Debug|x86
		Release|Any CPU = Release|Any CPU
		Release|x64 = Release|x64
		Release|x86 = Release|x86
	EndGlobalSection
	GlobalSection(ProjectConfigurationPlatforms) = postSolution
		{8BD3D495-74E7-4B34-9E69-D00A1AE53008}.Debug|Any CPU.ActiveCfg = Debug|Any CPU
		{8BD3D495-74E7-4B34-9E69-D00A1AE53008}.Debug|Any CPU.Build.0 = Debug|Any CPU
		{8BD3D495-74E7-4B34-9E69-D00A1AE53008}.Debug|x64.ActiveCfg = Debug|Any CPU
		{8BD3D495-74E7-4B34-9E69-D00A1AE53008}.Debug|x64.Build.0 = Debug|Any CPU
		{8BD3D495-74E7-4B34-9E69-D00A1AE53008}.Debug|x86.ActiveCfg = Debug|Any CPU
		{8BD3D495-74E7-4B34-9E69-D00A1AE53008}.Debug|x86.Build.0 = Debug|Any CPU
		{8BD3D495-74E7-4B34-9E69-D00A1AE53008}.Release|Any CPU.ActiveCfg = Release|Any CPU
		{8BD3D495-74E7-4B34-9E69-D00A1AE53008}.Release|Any CPU.Build.0 = Release|Any CPU
		{8BD3D495-74E7-4B34-9E69-D00A1AE53008}.Release|x64.ActiveCfg = Release|Any CPU
		{8BD3D495-74E7-4B34-9E69-D00A1AE53008}.Release|x64.Build.0 = Release|Any CPU
		{8BD3D495-74E7-4B34-9E69-D00A1AE53008}.Release|x86.ActiveCfg = Release|Any CPU
		{8BD3D495-74E7-4B34-9E69-D00A1AE53008}.Release|x86.Build.0 = Release|Any CPU
	EndGlobalSection
	GlobalSection(SolutionProperties) = preSolution
		HideSolutionNode = FALSE
	EndGlobalSection
	GlobalSection(ExtensibilityGlobals) = postSolution
		SolutionGuid = {293CBC6B-EA22-460E-8294-807DF0C6008F}
	EndGlobalSection
EndGlobal
