
Microsoft Visual Studio Solution File, Format Version 12.00
# Visual Studio Version 16
VisualStudioVersion = 16.0.29230.47
MinimumVisualStudioVersion = 15.0.26124.0
Project("{9A19103F-16F7-4668-BE54-9A1E7A4F7556}") = "PSDocs", "src\PSDocs\PSDocs.csproj", "{8BD3D495-74E7-4B34-9E69-D00A1AE53008}"
EndProject
Project("{9A19103F-16F7-4668-BE54-9A1E7A4F7556}") = "PSDocs.Tests", "tests\PSDocs.Tests\PSDocs.Tests.csproj", "{684AD3CB-E431-4CC5-A8AE-2B2E8CEE6B6C}"
EndProject
Project("{9A19103F-16F7-4668-BE54-9A1E7A4F7556}") = "PSDocs.Benchmark", "src\PSDocs.Benchmark\PSDocs.Benchmark.csproj", "{1A60D079-A9A5-4C24-85F5-5EF2A6E93EAB}"
EndProject
Global
	GlobalSection(SolutionConfigurationPlatforms) = preSolution
		Debug|Any CPU = Debug|Any CPU
		Debug|x64 = Debug|x64
		Debug|x86 = Debug|x86
		Release|Any CPU = Release|Any CPU
		Release|x64 = Release|x64
		Release|x86 = Release|x86
	EndGlobalSection
	GlobalSection(ProjectConfigurationPlatforms) = postSolution
		{8BD3D495-74E7-4B34-9E69-D00A1AE53008}.Debug|Any CPU.ActiveCfg = Debug|Any CPU
		{8BD3D495-74E7-4B34-9E69-D00A1AE53008}.Debug|Any CPU.Build.0 = Debug|Any CPU
		{8BD3D495-74E7-4B34-9E69-D00A1AE53008}.Debug|x64.ActiveCfg = Debug|Any CPU
		{8BD3D495-74E7-4B34-9E69-D00A1AE53008}.Debug|x64.Build.0 = Debug|Any CPU
		{8BD3D495-74E7-4B34-9E69-D00A1AE53008}.Debug|x86.ActiveCfg = Debug|Any CPU
		{8BD3D495-74E7-4B34-9E69-D00A1AE53008}.Debug|x86.Build.0 = Debug|Any CPU
		{8BD3D495-74E7-4B34-9E69-D00A1AE53008}.Release|Any CPU.ActiveCfg = Release|Any CPU
		{8BD3D495-74E7-4B34-9E69-D00A1AE53008}.Release|Any CPU.Build.0 = Release|Any CPU
		{8BD3D495-74E7-4B34-9E69-D00A1AE53008}.Release|x64.ActiveCfg = Release|Any CPU
		{8BD3D495-74E7-4B34-9E69-D00A1AE53008}.Release|x64.Build.0 = Release|Any CPU
		{8BD3D495-74E7-4B34-9E69-D00A1AE53008}.Release|x86.ActiveCfg = Release|Any CPU
		{8BD3D495-74E7-4B34-9E69-D00A1AE53008}.Release|x86.Build.0 = Release|Any CPU
		{684AD3CB-E431-4CC5-A8AE-2B2E8CEE6B6C}.Debug|Any CPU.ActiveCfg = Debug|Any CPU
		{684AD3CB-E431-4CC5-A8AE-2B2E8CEE6B6C}.Debug|Any CPU.Build.0 = Debug|Any CPU
		{684AD3CB-E431-4CC5-A8AE-2B2E8CEE6B6C}.Debug|x64.ActiveCfg = Debug|Any CPU
		{684AD3CB-E431-4CC5-A8AE-2B2E8CEE6B6C}.Debug|x64.Build.0 = Debug|Any CPU
		{684AD3CB-E431-4CC5-A8AE-2B2E8CEE6B6C}.Debug|x86.ActiveCfg = Debug|Any CPU
		{684AD3CB-E431-4CC5-A8AE-2B2E8CEE6B6C}.Debug|x86.Build.0 = Debug|Any CPU
		{684AD3CB-E431-4CC5-A8AE-2B2E8CEE6B6C}.Release|Any CPU.ActiveCfg = Release|Any CPU
		{684AD3CB-E431-4CC5-A8AE-2B2E8CEE6B6C}.Release|Any CPU.Build.0 = Release|Any CPU
		{684AD3CB-E431-4CC5-A8AE-2B2E8CEE6B6C}.Release|x64.ActiveCfg = Release|Any CPU
		{684AD3CB-E431-4CC5-A8AE-2B2E8CEE6B6C}.Release|x64.Build.0 = Release|Any CPU
		{684AD3CB-E431-4CC5-A8AE-2B2E8CEE6B6C}.Release|x86.ActiveCfg = Release|Any CPU
		{684AD3CB-E431-4CC5-A8AE-2B2E8CEE6B6C}.Release|x86.Build.0 = Release|Any CPU
		{1A60D079-A9A5-4C24-85F5-5EF2A6E93EAB}.Debug|Any CPU.ActiveCfg = Debug|Any CPU
		{1A60D079-A9A5-4C24-85F5-5EF2A6E93EAB}.Debug|Any CPU.Build.0 = Debug|Any CPU
		{1A60D079-A9A5-4C24-85F5-5EF2A6E93EAB}.Debug|x64.ActiveCfg = Debug|Any CPU
		{1A60D079-A9A5-4C24-85F5-5EF2A6E93EAB}.Debug|x64.Build.0 = Debug|Any CPU
		{1A60D079-A9A5-4C24-85F5-5EF2A6E93EAB}.Debug|x86.ActiveCfg = Debug|Any CPU
		{1A60D079-A9A5-4C24-85F5-5EF2A6E93EAB}.Debug|x86.Build.0 = Debug|Any CPU
		{1A60D079-A9A5-4C24-85F5-5EF2A6E93EAB}.Release|Any CPU.ActiveCfg = Release|Any CPU
		{1A60D079-A9A5-4C24-85F5-5EF2A6E93EAB}.Release|Any CPU.Build.0 = Release|Any CPU
		{1A60D079-A9A5-4C24-85F5-5EF2A6E93EAB}.Release|x64.ActiveCfg = Release|Any CPU
		{1A60D079-A9A5-4C24-85F5-5EF2A6E93EAB}.Release|x64.Build.0 = Release|Any CPU
		{1A60D079-A9A5-4C24-85F5-5EF2A6E93EAB}.Release|x86.ActiveCfg = Release|Any CPU
		{1A60D079-A9A5-4C24-85F5-5EF2A6E93EAB}.Release|x86.Build.0 = Release|Any CPU
	EndGlobalSection
	GlobalSection(SolutionProperties) = preSolution
		HideSolutionNode = FALSE
	EndGlobalSection
	GlobalSection(ExtensibilityGlobals) = postSolution
		SolutionGuid = {293CBC6B-EA22-460E-8294-807DF0C6008F}
	EndGlobalSection
EndGlobal
